
Microsoft Visual Studio Solution File, Format Version 12.00
# Visual Studio Version 17
VisualStudioVersion = 17.14.36414.22 d17.14
MinimumVisualStudioVersion = 10.0.40219.1
Project("{FAE04EC0-301F-11D3-BF4B-00C04F79EFBC}") = "test2", "test2\test2.csproj", "{2A73AF63-25FE-43C4-852A-E9EA83C59A01}"
EndProject
Global
	GlobalSection(SolutionConfigurationPlatforms) = preSolution
		Debug|Any CPU = Debug|Any CPU
		Release|Any CPU = Release|Any CPU
	EndGlobalSection
	GlobalSection(ProjectConfigurationPlatforms) = postSolution
		{2A73AF63-25FE-43C4-852A-E9EA83C59A01}.Debug|Any CPU.ActiveCfg = Debug|Any CPU
		{2A73AF63-25FE-43C4-852A-E9EA83C59A01}.Debug|Any CPU.Build.0 = Debug|Any CPU
		{2A73AF63-25FE-43C4-852A-E9EA83C59A01}.Release|Any CPU.ActiveCfg = Release|Any CPU
		{2A73AF63-25FE-43C4-852A-E9EA83C59A01}.Release|Any CPU.Build.0 = Release|Any CPU
	EndGlobalSection
	GlobalSection(SolutionProperties) = preSolution
		HideSolutionNode = FALSE
	EndGlobalSection
	GlobalSection(ExtensibilityGlobals) = postSolution
		SolutionGuid = {7EEB0429-5E50-487C-8D59-67D80FA6B4FA}
	EndGlobalSection
EndGlobal
